
Microsoft Visual Studio Solution File, Format Version 12.00
# Visual Studio Version 17
VisualStudioVersion = 17.11.35222.181
MinimumVisualStudioVersion = 10.0.40219.1
Project("{FAE04EC0-301F-11D3-BF4B-00C04F79EFBC}") = "AccountApi", "AccountApi\AccountApi.csproj", "{47489DDD-F6AC-4B8D-AB6A-2DDF47D2314E}"
EndProject
Global
	GlobalSection(SolutionConfigurationPlatforms) = preSolution
		Debug|Any CPU = Debug|Any CPU
		Release|Any CPU = Release|Any CPU
	EndGlobalSection
	GlobalSection(ProjectConfigurationPlatforms) = postSolution
		{47489DDD-F6AC-4B8D-AB6A-2DDF47D2314E}.Debug|Any CPU.ActiveCfg = Debug|Any CPU
		{47489DDD-F6AC-4B8D-AB6A-2DDF47D2314E}.Debug|Any CPU.Build.0 = Debug|Any CPU
		{47489DDD-F6AC-4B8D-AB6A-2DDF47D2314E}.Release|Any CPU.ActiveCfg = Release|Any CPU
		{47489DDD-F6AC-4B8D-AB6A-2DDF47D2314E}.Release|Any CPU.Build.0 = Release|Any CPU
	EndGlobalSection
	GlobalSection(SolutionProperties) = preSolution
		HideSolutionNode = FALSE
	EndGlobalSection
	GlobalSection(ExtensibilityGlobals) = postSolution
		SolutionGuid = {1F2F9432-4218-4A8B-833A-AF46D70EEBDB}
	EndGlobalSection
EndGlobal
